// !$*UTF8*$!
{
	archiveVersion = 1;
	classes = {
	};
	objectVersion = 56;
	objects = {

/* Begin PBXBuildFile section */
		272A868929F0B37C00B26A54 /* LocationManager.swift in Sources */ = {isa = PBXBuildFile; fileRef = 272A868829F0B37C00B26A54 /* LocationManager.swift */; };
		275D3CFF29F5CD5900AAB3DB /* GoogleSignIn in Frameworks */ = {isa = PBXBuildFile; productRef = 275D3CFE29F5CD5900AAB3DB /* GoogleSignIn */; };
		275D3D0129F5CD5900AAB3DB /* GoogleSignInSwift in Frameworks */ = {isa = PBXBuildFile; productRef = 275D3D0029F5CD5900AAB3DB /* GoogleSignInSwift */; };
		27622C9829F04EB700BB00C4 /* BCSafeApp.swift in Sources */ = {isa = PBXBuildFile; fileRef = 27622C9729F04EB700BB00C4 /* BCSafeApp.swift */; };
		27622C9A29F04EB700BB00C4 /* LoginView.swift in Sources */ = {isa = PBXBuildFile; fileRef = 27622C9929F04EB700BB00C4 /* LoginView.swift */; };
		27622C9C29F04EB700BB00C4 /* Assets.xcassets in Resources */ = {isa = PBXBuildFile; fileRef = 27622C9B29F04EB700BB00C4 /* Assets.xcassets */; };
		27622C9F29F04EB700BB00C4 /* Preview Assets.xcassets in Resources */ = {isa = PBXBuildFile; fileRef = 27622C9E29F04EB700BB00C4 /* Preview Assets.xcassets */; };
		27622CA729F050FF00BB00C4 /* FirebaseAuth in Frameworks */ = {isa = PBXBuildFile; productRef = 27622CA629F050FF00BB00C4 /* FirebaseAuth */; };
		27622CA929F050FF00BB00C4 /* FirebaseFirestore in Frameworks */ = {isa = PBXBuildFile; productRef = 27622CA829F050FF00BB00C4 /* FirebaseFirestore */; };
		27622CAB29F050FF00BB00C4 /* FirebaseFirestoreSwift in Frameworks */ = {isa = PBXBuildFile; productRef = 27622CAA29F050FF00BB00C4 /* FirebaseFirestoreSwift */; };
		27622CAD29F050FF00BB00C4 /* FirebaseStorage in Frameworks */ = {isa = PBXBuildFile; productRef = 27622CAC29F050FF00BB00C4 /* FirebaseStorage */; };
		27622CB329F05F2900BB00C4 /* HomescreenView.swift in Sources */ = {isa = PBXBuildFile; fileRef = 27622CB229F05F2900BB00C4 /* HomescreenView.swift */; };
		27622CB529F066DD00BB00C4 /* MapView.swift in Sources */ = {isa = PBXBuildFile; fileRef = 27622CB429F066DD00BB00C4 /* MapView.swift */; };
		27622CB729F066ED00BB00C4 /* ContactView.swift in Sources */ = {isa = PBXBuildFile; fileRef = 27622CB629F066ED00BB00C4 /* ContactView.swift */; };
		27622CB929F0729300BB00C4 /* PostView.swift in Sources */ = {isa = PBXBuildFile; fileRef = 27622CB829F0729300BB00C4 /* PostView.swift */; };
		27622CBD29F0742800BB00C4 /* Post.swift in Sources */ = {isa = PBXBuildFile; fileRef = 27622CBC29F0742800BB00C4 /* Post.swift */; };
		27622CC129F07F6800BB00C4 /* HomescreenViewModel.swift in Sources */ = {isa = PBXBuildFile; fileRef = 27622CC029F07F6800BB00C4 /* HomescreenViewModel.swift */; };
		278C6E2529F08D2F00115BA4 /* HomeBarView.swift in Sources */ = {isa = PBXBuildFile; fileRef = 278C6E2429F08D2F00115BA4 /* HomeBarView.swift */; };
		279155AB29F5CE2F002858FE /* GoogleService-Info.plist in Resources */ = {isa = PBXBuildFile; fileRef = 279155AA29F5CE2F002858FE /* GoogleService-Info.plist */; };
		279155AE29F5D32A002858FE /* AuthenticationViewModel.swift in Sources */ = {isa = PBXBuildFile; fileRef = 279155AD29F5D32A002858FE /* AuthenticationViewModel.swift */; };
		27DD84F229F3340F004E0BFB /* Annotation.swift in Sources */ = {isa = PBXBuildFile; fileRef = 27DD84F129F3340F004E0BFB /* Annotation.swift */; };
/* End PBXBuildFile section */

/* Begin PBXFileReference section */
		272A868829F0B37C00B26A54 /* LocationManager.swift */ = {isa = PBXFileReference; lastKnownFileType = sourcecode.swift; path = LocationManager.swift; sourceTree = "<group>"; };
		27622C9429F04EB700BB00C4 /* BCSafe.app */ = {isa = PBXFileReference; explicitFileType = wrapper.application; includeInIndex = 0; path = BCSafe.app; sourceTree = BUILT_PRODUCTS_DIR; };
		27622C9729F04EB700BB00C4 /* BCSafeApp.swift */ = {isa = PBXFileReference; lastKnownFileType = sourcecode.swift; path = BCSafeApp.swift; sourceTree = "<group>"; };
		27622C9929F04EB700BB00C4 /* LoginView.swift */ = {isa = PBXFileReference; lastKnownFileType = sourcecode.swift; path = LoginView.swift; sourceTree = "<group>"; };
		27622C9B29F04EB700BB00C4 /* Assets.xcassets */ = {isa = PBXFileReference; lastKnownFileType = folder.assetcatalog; path = Assets.xcassets; sourceTree = "<group>"; };
		27622C9E29F04EB700BB00C4 /* Preview Assets.xcassets */ = {isa = PBXFileReference; lastKnownFileType = folder.assetcatalog; path = "Preview Assets.xcassets"; sourceTree = "<group>"; };
		27622CB229F05F2900BB00C4 /* HomescreenView.swift */ = {isa = PBXFileReference; lastKnownFileType = sourcecode.swift; path = HomescreenView.swift; sourceTree = "<group>"; };
		27622CB429F066DD00BB00C4 /* MapView.swift */ = {isa = PBXFileReference; lastKnownFileType = sourcecode.swift; path = MapView.swift; sourceTree = "<group>"; };
		27622CB629F066ED00BB00C4 /* ContactView.swift */ = {isa = PBXFileReference; lastKnownFileType = sourcecode.swift; path = ContactView.swift; sourceTree = "<group>"; };
		27622CB829F0729300BB00C4 /* PostView.swift */ = {isa = PBXFileReference; lastKnownFileType = sourcecode.swift; path = PostView.swift; sourceTree = "<group>"; };
		27622CBC29F0742800BB00C4 /* Post.swift */ = {isa = PBXFileReference; lastKnownFileType = sourcecode.swift; path = Post.swift; sourceTree = "<group>"; };
		27622CC029F07F6800BB00C4 /* HomescreenViewModel.swift */ = {isa = PBXFileReference; lastKnownFileType = sourcecode.swift; path = HomescreenViewModel.swift; sourceTree = "<group>"; };
		278C6E2429F08D2F00115BA4 /* HomeBarView.swift */ = {isa = PBXFileReference; lastKnownFileType = sourcecode.swift; path = HomeBarView.swift; sourceTree = "<group>"; };
		279155AA29F5CE2F002858FE /* GoogleService-Info.plist */ = {isa = PBXFileReference; lastKnownFileType = text.plist; path = "GoogleService-Info.plist"; sourceTree = SOURCE_ROOT; };
		279155AC29F5CEFA002858FE /* Info.plist */ = {isa = PBXFileReference; lastKnownFileType = text.plist; path = Info.plist; sourceTree = "<group>"; };
		279155AD29F5D32A002858FE /* AuthenticationViewModel.swift */ = {isa = PBXFileReference; lastKnownFileType = sourcecode.swift; path = AuthenticationViewModel.swift; sourceTree = "<group>"; };
		27DD84F129F3340F004E0BFB /* Annotation.swift */ = {isa = PBXFileReference; lastKnownFileType = sourcecode.swift; path = Annotation.swift; sourceTree = "<group>"; };
/* End PBXFileReference section */

/* Begin PBXFrameworksBuildPhase section */
		27622C9129F04EB600BB00C4 /* Frameworks */ = {
			isa = PBXFrameworksBuildPhase;
			buildActionMask = 2147483647;
			files = (
				275D3CFF29F5CD5900AAB3DB /* GoogleSignIn in Frameworks */,
				27622CA729F050FF00BB00C4 /* FirebaseAuth in Frameworks */,
				27622CAD29F050FF00BB00C4 /* FirebaseStorage in Frameworks */,
				275D3D0129F5CD5900AAB3DB /* GoogleSignInSwift in Frameworks */,
				27622CA929F050FF00BB00C4 /* FirebaseFirestore in Frameworks */,
				27622CAB29F050FF00BB00C4 /* FirebaseFirestoreSwift in Frameworks */,
			);
			runOnlyForDeploymentPostprocessing = 0;
		};
/* End PBXFrameworksBuildPhase section */

/* Begin PBXGroup section */
		27622C8B29F04EB600BB00C4 = {
			isa = PBXGroup;
			children = (
				27622C9629F04EB700BB00C4 /* BCSafe */,
				27622C9529F04EB700BB00C4 /* Products */,
			);
			sourceTree = "<group>";
		};
		27622C9529F04EB700BB00C4 /* Products */ = {
			isa = PBXGroup;
			children = (
				27622C9429F04EB700BB00C4 /* BCSafe.app */,
			);
			name = Products;
			sourceTree = "<group>";
		};
		27622C9629F04EB700BB00C4 /* BCSafe */ = {
			isa = PBXGroup;
			children = (
				279155AC29F5CEFA002858FE /* Info.plist */,
				27622C9729F04EB700BB00C4 /* BCSafeApp.swift */,
				272A868829F0B37C00B26A54 /* LocationManager.swift */,
				27622CBC29F0742800BB00C4 /* Post.swift */,
				27DD84F129F3340F004E0BFB /* Annotation.swift */,
				27622CC029F07F6800BB00C4 /* HomescreenViewModel.swift */,
				279155AD29F5D32A002858FE /* AuthenticationViewModel.swift */,
				27622C9929F04EB700BB00C4 /* LoginView.swift */,
				278C6E2429F08D2F00115BA4 /* HomeBarView.swift */,
				27622CB229F05F2900BB00C4 /* HomescreenView.swift */,
				27622CB829F0729300BB00C4 /* PostView.swift */,
				27622CB429F066DD00BB00C4 /* MapView.swift */,
				27622CB629F066ED00BB00C4 /* ContactView.swift */,
				27622C9B29F04EB700BB00C4 /* Assets.xcassets */,
				279155AA29F5CE2F002858FE /* GoogleService-Info.plist */,
				27622C9D29F04EB700BB00C4 /* Preview Content */,
			);
			path = BCSafe;
			sourceTree = "<group>";
		};
		27622C9D29F04EB700BB00C4 /* Preview Content */ = {
			isa = PBXGroup;
			children = (
				27622C9E29F04EB700BB00C4 /* Preview Assets.xcassets */,
			);
			path = "Preview Content";
			sourceTree = "<group>";
		};
/* End PBXGroup section */

/* Begin PBXNativeTarget section */
		27622C9329F04EB600BB00C4 /* BCSafe */ = {
			isa = PBXNativeTarget;
			buildConfigurationList = 27622CA229F04EB700BB00C4 /* Build configuration list for PBXNativeTarget "BCSafe" */;
			buildPhases = (
				27622C9029F04EB600BB00C4 /* Sources */,
				27622C9129F04EB600BB00C4 /* Frameworks */,
				27622C9229F04EB600BB00C4 /* Resources */,
			);
			buildRules = (
			);
			dependencies = (
			);
			name = BCSafe;
			packageProductDependencies = (
				27622CA629F050FF00BB00C4 /* FirebaseAuth */,
				27622CA829F050FF00BB00C4 /* FirebaseFirestore */,
				27622CAA29F050FF00BB00C4 /* FirebaseFirestoreSwift */,
				27622CAC29F050FF00BB00C4 /* FirebaseStorage */,
				275D3CFE29F5CD5900AAB3DB /* GoogleSignIn */,
				275D3D0029F5CD5900AAB3DB /* GoogleSignInSwift */,
			);
			productName = BCSafe;
			productReference = 27622C9429F04EB700BB00C4 /* BCSafe.app */;
			productType = "com.apple.product-type.application";
		};
/* End PBXNativeTarget section */

/* Begin PBXProject section */
		27622C8C29F04EB600BB00C4 /* Project object */ = {
			isa = PBXProject;
			attributes = {
				BuildIndependentTargetsInParallel = 1;
				LastSwiftUpdateCheck = 1420;
				LastUpgradeCheck = 1420;
				TargetAttributes = {
					27622C9329F04EB600BB00C4 = {
						CreatedOnToolsVersion = 14.2;
					};
				};
			};
			buildConfigurationList = 27622C8F29F04EB600BB00C4 /* Build configuration list for PBXProject "BCSafe" */;
			compatibilityVersion = "Xcode 14.0";
			developmentRegion = en;
			hasScannedForEncodings = 0;
			knownRegions = (
				en,
				Base,
			);
			mainGroup = 27622C8B29F04EB600BB00C4;
			packageReferences = (
				27622CA529F050FF00BB00C4 /* XCRemoteSwiftPackageReference "firebase-ios-sdk" */,
				275D3CFD29F5CD5900AAB3DB /* XCRemoteSwiftPackageReference "GoogleSignIn-iOS" */,
			);
			productRefGroup = 27622C9529F04EB700BB00C4 /* Products */;
			projectDirPath = "";
			projectRoot = "";
			targets = (
				27622C9329F04EB600BB00C4 /* BCSafe */,
			);
		};
/* End PBXProject section */

/* Begin PBXResourcesBuildPhase section */
		27622C9229F04EB600BB00C4 /* Resources */ = {
			isa = PBXResourcesBuildPhase;
			buildActionMask = 2147483647;
			files = (
				27622C9F29F04EB700BB00C4 /* Preview Assets.xcassets in Resources */,
				27622C9C29F04EB700BB00C4 /* Assets.xcassets in Resources */,
				279155AB29F5CE2F002858FE /* GoogleService-Info.plist in Resources */,
			);
			runOnlyForDeploymentPostprocessing = 0;
		};
/* End PBXResourcesBuildPhase section */

/* Begin PBXSourcesBuildPhase section */
		27622C9029F04EB600BB00C4 /* Sources */ = {
			isa = PBXSourcesBuildPhase;
			buildActionMask = 2147483647;
			files = (
				279155AE29F5D32A002858FE /* AuthenticationViewModel.swift in Sources */,
				27622CB929F0729300BB00C4 /* PostView.swift in Sources */,
				278C6E2529F08D2F00115BA4 /* HomeBarView.swift in Sources */,
				272A868929F0B37C00B26A54 /* LocationManager.swift in Sources */,
				27622C9A29F04EB700BB00C4 /* LoginView.swift in Sources */,
				27622CB729F066ED00BB00C4 /* ContactView.swift in Sources */,
				27622CBD29F0742800BB00C4 /* Post.swift in Sources */,
				27622C9829F04EB700BB00C4 /* BCSafeApp.swift in Sources */,
				27622CC129F07F6800BB00C4 /* HomescreenViewModel.swift in Sources */,
				27DD84F229F3340F004E0BFB /* Annotation.swift in Sources */,
				27622CB529F066DD00BB00C4 /* MapView.swift in Sources */,
				27622CB329F05F2900BB00C4 /* HomescreenView.swift in Sources */,
			);
			runOnlyForDeploymentPostprocessing = 0;
		};
/* End PBXSourcesBuildPhase section */

/* Begin XCBuildConfiguration section */
		27622CA029F04EB700BB00C4 /* Debug */ = {
			isa = XCBuildConfiguration;
			buildSettings = {
				ALWAYS_SEARCH_USER_PATHS = NO;
				CLANG_ANALYZER_NONNULL = YES;
				CLANG_ANALYZER_NUMBER_OBJECT_CONVERSION = YES_AGGRESSIVE;
				CLANG_CXX_LANGUAGE_STANDARD = "gnu++20";
				CLANG_ENABLE_MODULES = YES;
				CLANG_ENABLE_OBJC_ARC = YES;
				CLANG_ENABLE_OBJC_WEAK = YES;
				CLANG_WARN_BLOCK_CAPTURE_AUTORELEASING = YES;
				CLANG_WARN_BOOL_CONVERSION = YES;
				CLANG_WARN_COMMA = YES;
				CLANG_WARN_CONSTANT_CONVERSION = YES;
				CLANG_WARN_DEPRECATED_OBJC_IMPLEMENTATIONS = YES;
				CLANG_WARN_DIRECT_OBJC_ISA_USAGE = YES_ERROR;
				CLANG_WARN_DOCUMENTATION_COMMENTS = YES;
				CLANG_WARN_EMPTY_BODY = YES;
				CLANG_WARN_ENUM_CONVERSION = YES;
				CLANG_WARN_INFINITE_RECURSION = YES;
				CLANG_WARN_INT_CONVERSION = YES;
				CLANG_WARN_NON_LITERAL_NULL_CONVERSION = YES;
				CLANG_WARN_OBJC_IMPLICIT_RETAIN_SELF = YES;
				CLANG_WARN_OBJC_LITERAL_CONVERSION = YES;
				CLANG_WARN_OBJC_ROOT_CLASS = YES_ERROR;
				CLANG_WARN_QUOTED_INCLUDE_IN_FRAMEWORK_HEADER = YES;
				CLANG_WARN_RANGE_LOOP_ANALYSIS = YES;
				CLANG_WARN_STRICT_PROTOTYPES = YES;
				CLANG_WARN_SUSPICIOUS_MOVE = YES;
				CLANG_WARN_UNGUARDED_AVAILABILITY = YES_AGGRESSIVE;
				CLANG_WARN_UNREACHABLE_CODE = YES;
				CLANG_WARN__DUPLICATE_METHOD_MATCH = YES;
				COPY_PHASE_STRIP = NO;
				DEBUG_INFORMATION_FORMAT = dwarf;
				ENABLE_STRICT_OBJC_MSGSEND = YES;
				ENABLE_TESTABILITY = YES;
				GCC_C_LANGUAGE_STANDARD = gnu11;
				GCC_DYNAMIC_NO_PIC = NO;
				GCC_NO_COMMON_BLOCKS = YES;
				GCC_OPTIMIZATION_LEVEL = 0;
				GCC_PREPROCESSOR_DEFINITIONS = (
					"DEBUG=1",
					"$(inherited)",
				);
				GCC_WARN_64_TO_32_BIT_CONVERSION = YES;
				GCC_WARN_ABOUT_RETURN_TYPE = YES_ERROR;
				GCC_WARN_UNDECLARED_SELECTOR = YES;
				GCC_WARN_UNINITIALIZED_AUTOS = YES_AGGRESSIVE;
				GCC_WARN_UNUSED_FUNCTION = YES;
				GCC_WARN_UNUSED_VARIABLE = YES;
				IPHONEOS_DEPLOYMENT_TARGET = 16.2;
				MTL_ENABLE_DEBUG_INFO = INCLUDE_SOURCE;
				MTL_FAST_MATH = YES;
				ONLY_ACTIVE_ARCH = YES;
				SDKROOT = iphoneos;
				SWIFT_ACTIVE_COMPILATION_CONDITIONS = DEBUG;
				SWIFT_OPTIMIZATION_LEVEL = "-Onone";
			};
			name = Debug;
		};
		27622CA129F04EB700BB00C4 /* Release */ = {
			isa = XCBuildConfiguration;
			buildSettings = {
				ALWAYS_SEARCH_USER_PATHS = NO;
				CLANG_ANALYZER_NONNULL = YES;
				CLANG_ANALYZER_NUMBER_OBJECT_CONVERSION = YES_AGGRESSIVE;
				CLANG_CXX_LANGUAGE_STANDARD = "gnu++20";
				CLANG_ENABLE_MODULES = YES;
				CLANG_ENABLE_OBJC_ARC = YES;
				CLANG_ENABLE_OBJC_WEAK = YES;
				CLANG_WARN_BLOCK_CAPTURE_AUTORELEASING = YES;
				CLANG_WARN_BOOL_CONVERSION = YES;
				CLANG_WARN_COMMA = YES;
				CLANG_WARN_CONSTANT_CONVERSION = YES;
				CLANG_WARN_DEPRECATED_OBJC_IMPLEMENTATIONS = YES;
				CLANG_WARN_DIRECT_OBJC_ISA_USAGE = YES_ERROR;
				CLANG_WARN_DOCUMENTATION_COMMENTS = YES;
				CLANG_WARN_EMPTY_BODY = YES;
				CLANG_WARN_ENUM_CONVERSION = YES;
				CLANG_WARN_INFINITE_RECURSION = YES;
				CLANG_WARN_INT_CONVERSION = YES;
				CLANG_WARN_NON_LITERAL_NULL_CONVERSION = YES;
				CLANG_WARN_OBJC_IMPLICIT_RETAIN_SELF = YES;
				CLANG_WARN_OBJC_LITERAL_CONVERSION = YES;
				CLANG_WARN_OBJC_ROOT_CLASS = YES_ERROR;
				CLANG_WARN_QUOTED_INCLUDE_IN_FRAMEWORK_HEADER = YES;
				CLANG_WARN_RANGE_LOOP_ANALYSIS = YES;
				CLANG_WARN_STRICT_PROTOTYPES = YES;
				CLANG_WARN_SUSPICIOUS_MOVE = YES;
				CLANG_WARN_UNGUARDED_AVAILABILITY = YES_AGGRESSIVE;
				CLANG_WARN_UNREACHABLE_CODE = YES;
				CLANG_WARN__DUPLICATE_METHOD_MATCH = YES;
				COPY_PHASE_STRIP = NO;
				DEBUG_INFORMATION_FORMAT = "dwarf-with-dsym";
				ENABLE_NS_ASSERTIONS = NO;
				ENABLE_STRICT_OBJC_MSGSEND = YES;
				GCC_C_LANGUAGE_STANDARD = gnu11;
				GCC_NO_COMMON_BLOCKS = YES;
				GCC_WARN_64_TO_32_BIT_CONVERSION = YES;
				GCC_WARN_ABOUT_RETURN_TYPE = YES_ERROR;
				GCC_WARN_UNDECLARED_SELECTOR = YES;
				GCC_WARN_UNINITIALIZED_AUTOS = YES_AGGRESSIVE;
				GCC_WARN_UNUSED_FUNCTION = YES;
				GCC_WARN_UNUSED_VARIABLE = YES;
				IPHONEOS_DEPLOYMENT_TARGET = 16.2;
				MTL_ENABLE_DEBUG_INFO = NO;
				MTL_FAST_MATH = YES;
				SDKROOT = iphoneos;
				SWIFT_COMPILATION_MODE = wholemodule;
				SWIFT_OPTIMIZATION_LEVEL = "-O";
				VALIDATE_PRODUCT = YES;
			};
			name = Release;
		};
		27622CA329F04EB700BB00C4 /* Debug */ = {
			isa = XCBuildConfiguration;
			buildSettings = {
				ASSETCATALOG_COMPILER_APPICON_NAME = AppIcon;
				ASSETCATALOG_COMPILER_GLOBAL_ACCENT_COLOR_NAME = AccentColor;
				CODE_SIGN_STYLE = Automatic;
				CURRENT_PROJECT_VERSION = 1;
				DEVELOPMENT_ASSET_PATHS = "\"BCSafe/Preview Content\"";
				DEVELOPMENT_TEAM = 75T49U7T64;
				ENABLE_PREVIEWS = YES;
				GENERATE_INFOPLIST_FILE = YES;
				INFOPLIST_FILE = BCSafe/Info.plist;
				INFOPLIST_KEY_NSLocationAlwaysAndWhenInUseUsageDescription = "This app requires access to the device's location";
				INFOPLIST_KEY_NSLocationWhenInUseUsageDescription = "This app requires access to the device's location";
				INFOPLIST_KEY_UIApplicationSceneManifest_Generation = YES;
				INFOPLIST_KEY_UIApplicationSupportsIndirectInputEvents = YES;
				INFOPLIST_KEY_UILaunchScreen_Generation = YES;
				INFOPLIST_KEY_UISupportedInterfaceOrientations_iPad = "UIInterfaceOrientationPortrait UIInterfaceOrientationPortraitUpsideDown UIInterfaceOrientationLandscapeLeft UIInterfaceOrientationLandscapeRight";
				INFOPLIST_KEY_UISupportedInterfaceOrientations_iPhone = "UIInterfaceOrientationPortrait UIInterfaceOrientationLandscapeLeft UIInterfaceOrientationLandscapeRight";
				LD_RUNPATH_SEARCH_PATHS = (
					"$(inherited)",
					"@executable_path/Frameworks",
				);
				MARKETING_VERSION = 1.0;
				PRODUCT_BUNDLE_IDENTIFIER = com.veroneau.BCSafe;
				PRODUCT_NAME = "$(TARGET_NAME)";
				SWIFT_EMIT_LOC_STRINGS = YES;
				SWIFT_VERSION = 5.0;
				TARGETED_DEVICE_FAMILY = "1,2";
			};
			name = Debug;
		};
		27622CA429F04EB700BB00C4 /* Release */ = {
			isa = XCBuildConfiguration;
			buildSettings = {
				ASSETCATALOG_COMPILER_APPICON_NAME = AppIcon;
				ASSETCATALOG_COMPILER_GLOBAL_ACCENT_COLOR_NAME = AccentColor;
				CODE_SIGN_STYLE = Automatic;
				CURRENT_PROJECT_VERSION = 1;
				DEVELOPMENT_ASSET_PATHS = "\"BCSafe/Preview Content\"";
				DEVELOPMENT_TEAM = 75T49U7T64;
				ENABLE_PREVIEWS = YES;
				GENERATE_INFOPLIST_FILE = YES;
				INFOPLIST_FILE = BCSafe/Info.plist;
				INFOPLIST_KEY_NSLocationAlwaysAndWhenInUseUsageDescription = "This app requires access to the device's location";
				INFOPLIST_KEY_NSLocationWhenInUseUsageDescription = "This app requires access to the device's location";
				INFOPLIST_KEY_UIApplicationSceneManifest_Generation = YES;
				INFOPLIST_KEY_UIApplicationSupportsIndirectInputEvents = YES;
				INFOPLIST_KEY_UILaunchScreen_Generation = YES;
				INFOPLIST_KEY_UISupportedInterfaceOrientations_iPad = "UIInterfaceOrientationPortrait UIInterfaceOrientationPortraitUpsideDown UIInterfaceOrientationLandscapeLeft UIInterfaceOrientationLandscapeRight";
				INFOPLIST_KEY_UISupportedInterfaceOrientations_iPhone = "UIInterfaceOrientationPortrait UIInterfaceOrientationLandscapeLeft UIInterfaceOrientationLandscapeRight";
				LD_RUNPATH_SEARCH_PATHS = (
					"$(inherited)",
					"@executable_path/Frameworks",
				);
				MARKETING_VERSION = 1.0;
				PRODUCT_BUNDLE_IDENTIFIER = com.veroneau.BCSafe;
				PRODUCT_NAME = "$(TARGET_NAME)";
				SWIFT_EMIT_LOC_STRINGS = YES;
				SWIFT_VERSION = 5.0;
				TARGETED_DEVICE_FAMILY = "1,2";
			};
			name = Release;
		};
/* End XCBuildConfiguration section */

/* Begin XCConfigurationList section */
		27622C8F29F04EB600BB00C4 /* Build configuration list for PBXProject "BCSafe" */ = {
			isa = XCConfigurationList;
			buildConfigurations = (
				27622CA029F04EB700BB00C4 /* Debug */,
				27622CA129F04EB700BB00C4 /* Release */,
			);
			defaultConfigurationIsVisible = 0;
			defaultConfigurationName = Release;
		};
		27622CA229F04EB700BB00C4 /* Build configuration list for PBXNativeTarget "BCSafe" */ = {
			isa = XCConfigurationList;
			buildConfigurations = (
				27622CA329F04EB700BB00C4 /* Debug */,
				27622CA429F04EB700BB00C4 /* Release */,
			);
			defaultConfigurationIsVisible = 0;
			defaultConfigurationName = Release;
		};
/* End XCConfigurationList section */

/* Begin XCRemoteSwiftPackageReference section */
		275D3CFD29F5CD5900AAB3DB /* XCRemoteSwiftPackageReference "GoogleSignIn-iOS" */ = {
			isa = XCRemoteSwiftPackageReference;
			repositoryURL = "https://github.com/google/GoogleSignIn-iOS";
			requirement = {
				kind = upToNextMajorVersion;
				minimumVersion = 7.0.0;
			};
		};
		27622CA529F050FF00BB00C4 /* XCRemoteSwiftPackageReference "firebase-ios-sdk" */ = {
			isa = XCRemoteSwiftPackageReference;
			repositoryURL = "https://github.com/firebase/firebase-ios-sdk.git";
			requirement = {
				kind = upToNextMajorVersion;
				minimumVersion = 9.0.0;
			};
		};
/* End XCRemoteSwiftPackageReference section */

/* Begin XCSwiftPackageProductDependency section */
		275D3CFE29F5CD5900AAB3DB /* GoogleSignIn */ = {
			isa = XCSwiftPackageProductDependency;
			package = 275D3CFD29F5CD5900AAB3DB /* XCRemoteSwiftPackageReference "GoogleSignIn-iOS" */;
			productName = GoogleSignIn;
		};
		275D3D0029F5CD5900AAB3DB /* GoogleSignInSwift */ = {
			isa = XCSwiftPackageProductDependency;
			package = 275D3CFD29F5CD5900AAB3DB /* XCRemoteSwiftPackageReference "GoogleSignIn-iOS" */;
			productName = GoogleSignInSwift;
		};
		27622CA629F050FF00BB00C4 /* FirebaseAuth */ = {
			isa = XCSwiftPackageProductDependency;
			package = 27622CA529F050FF00BB00C4 /* XCRemoteSwiftPackageReference "firebase-ios-sdk" */;
			productName = FirebaseAuth;
		};
		27622CA829F050FF00BB00C4 /* FirebaseFirestore */ = {
			isa = XCSwiftPackageProductDependency;
			package = 27622CA529F050FF00BB00C4 /* XCRemoteSwiftPackageReference "firebase-ios-sdk" */;
			productName = FirebaseFirestore;
		};
		27622CAA29F050FF00BB00C4 /* FirebaseFirestoreSwift */ = {
			isa = XCSwiftPackageProductDependency;
			package = 27622CA529F050FF00BB00C4 /* XCRemoteSwiftPackageReference "firebase-ios-sdk" */;
			productName = FirebaseFirestoreSwift;
		};
		27622CAC29F050FF00BB00C4 /* FirebaseStorage */ = {
			isa = XCSwiftPackageProductDependency;
			package = 27622CA529F050FF00BB00C4 /* XCRemoteSwiftPackageReference "firebase-ios-sdk" */;
			productName = FirebaseStorage;
		};
/* End XCSwiftPackageProductDependency section */
	};
	rootObject = 27622C8C29F04EB600BB00C4 /* Project object */;
}
